
Microsoft Visual Studio Solution File, Format Version 12.00
# Visual Studio Version 16
VisualStudioVersion = 16.0.31729.503
MinimumVisualStudioVersion = 10.0.40219.1
Project("{FAE04EC0-301F-11D3-BF4B-00C04F79EFBC}") = "LoginForm", "LoginForm\LoginForm.csproj", "{2854553B-3025-4F33-B95C-2075F8861F30}"
EndProject
Global
	GlobalSection(SolutionConfigurationPlatforms) = preSolution
		Debug|Any CPU = Debug|Any CPU
		Release|Any CPU = Release|Any CPU
	EndGlobalSection
	GlobalSection(ProjectConfigurationPlatforms) = postSolution
		{2854553B-3025-4F33-B95C-2075F8861F30}.Debug|Any CPU.ActiveCfg = Debug|Any CPU
		{2854553B-3025-4F33-B95C-2075F8861F30}.Debug|Any CPU.Build.0 = Debug|Any CPU
		{2854553B-3025-4F33-B95C-2075F8861F30}.Release|Any CPU.ActiveCfg = Release|Any CPU
		{2854553B-3025-4F33-B95C-2075F8861F30}.Release|Any CPU.Build.0 = Release|Any CPU
	EndGlobalSection
	GlobalSection(SolutionProperties) = preSolution
		HideSolutionNode = FALSE
	EndGlobalSection
	GlobalSection(ExtensibilityGlobals) = postSolution
		SolutionGuid = {28D86E0E-D3D0-4D28-8F8F-056971E966FD}
	EndGlobalSection
EndGlobal
